
Microsoft Visual Studio Solution File, Format Version 12.00
# Visual Studio Version 16
VisualStudioVersion = 16.0.29318.209
MinimumVisualStudioVersion = 10.0.40219.1
Project("{FAE04EC0-301F-11D3-BF4B-00C04F79EFBC}") = "WebStore", "WebStore\WebStore.csproj", "{3DABCFEC-0141-4C54-A9F9-A7EBDC5A979F}"
EndProject
Global
	GlobalSection(SolutionConfigurationPlatforms) = preSolution
		Debug|Any CPU = Debug|Any CPU
		Release|Any CPU = Release|Any CPU
	EndGlobalSection
	GlobalSection(ProjectConfigurationPlatforms) = postSolution
		{3DABCFEC-0141-4C54-A9F9-A7EBDC5A979F}.Debug|Any CPU.ActiveCfg = Debug|Any CPU
		{3DABCFEC-0141-4C54-A9F9-A7EBDC5A979F}.Debug|Any CPU.Build.0 = Debug|Any CPU
		{3DABCFEC-0141-4C54-A9F9-A7EBDC5A979F}.Release|Any CPU.ActiveCfg = Release|Any CPU
		{3DABCFEC-0141-4C54-A9F9-A7EBDC5A979F}.Release|Any CPU.Build.0 = Release|Any CPU
	EndGlobalSection
	GlobalSection(SolutionProperties) = preSolution
		HideSolutionNode = FALSE
	EndGlobalSection
	GlobalSection(ExtensibilityGlobals) = postSolution
		SolutionGuid = {44D18D7D-1366-487C-B466-DEB5964B8AF6}
	EndGlobalSection
EndGlobal
